
Microsoft Visual Studio Solution File, Format Version 12.00
# Visual Studio Version 17
VisualStudioVersion = 17.13.35919.96 d17.13
MinimumVisualStudioVersion = 10.0.40219.1
Project("{FAE04EC0-301F-11D3-BF4B-00C04F79EFBC}") = "Petrol", "Petrol\Petrol.csproj", "{6911A9AA-CC7A-401B-9F9E-D1967F6B90F6}"
EndProject
Global
	GlobalSection(SolutionConfigurationPlatforms) = preSolution
		Debug|Any CPU = Debug|Any CPU
		Release|Any CPU = Release|Any CPU
	EndGlobalSection
	GlobalSection(ProjectConfigurationPlatforms) = postSolution
		{6911A9AA-CC7A-401B-9F9E-D1967F6B90F6}.Debug|Any CPU.ActiveCfg = Debug|Any CPU
		{6911A9AA-CC7A-401B-9F9E-D1967F6B90F6}.Debug|Any CPU.Build.0 = Debug|Any CPU
		{6911A9AA-CC7A-401B-9F9E-D1967F6B90F6}.Release|Any CPU.ActiveCfg = Release|Any CPU
		{6911A9AA-CC7A-401B-9F9E-D1967F6B90F6}.Release|Any CPU.Build.0 = Release|Any CPU
	EndGlobalSection
	GlobalSection(SolutionProperties) = preSolution
		HideSolutionNode = FALSE
	EndGlobalSection
	GlobalSection(ExtensibilityGlobals) = postSolution
		SolutionGuid = {5A1E8F2D-802E-4B38-A76B-DEF494BB8F92}
	EndGlobalSection
EndGlobal
